
Microsoft Visual Studio Solution File, Format Version 12.00
# Visual Studio 15
VisualStudioVersion = 15.0.27703.2047
MinimumVisualStudioVersion = 10.0.40219.1
Project("{FAE04EC0-301F-11D3-BF4B-00C04F79EFBC}") = "CRMFlavia", "CRMFlavia\CRMFlavia.csproj", "{274B59E8-A1FC-4BB4-9573-9C3326709500}"
EndProject
Global
	GlobalSection(SolutionConfigurationPlatforms) = preSolution
		Debug|Any CPU = Debug|Any CPU
		Release|Any CPU = Release|Any CPU
	EndGlobalSection
	GlobalSection(ProjectConfigurationPlatforms) = postSolution
		{274B59E8-A1FC-4BB4-9573-9C3326709500}.Debug|Any CPU.ActiveCfg = Debug|Any CPU
		{274B59E8-A1FC-4BB4-9573-9C3326709500}.Debug|Any CPU.Build.0 = Debug|Any CPU
		{274B59E8-A1FC-4BB4-9573-9C3326709500}.Release|Any CPU.ActiveCfg = Release|Any CPU
		{274B59E8-A1FC-4BB4-9573-9C3326709500}.Release|Any CPU.Build.0 = Release|Any CPU
	EndGlobalSection
	GlobalSection(SolutionProperties) = preSolution
		HideSolutionNode = FALSE
	EndGlobalSection
	GlobalSection(ExtensibilityGlobals) = postSolution
		SolutionGuid = {440636A6-4CD8-4FED-B344-8AFEDE2CB47A}
	EndGlobalSection
EndGlobal
